// !$*UTF8*$!
{
	archiveVersion = 1;
	classes = {
	};
	objectVersion = 46;
	objects = {

/* Begin PBXBuildFile section */
		8AFF6C591CE2C7A500026224 /* main.m in Sources */ = {isa = PBXBuildFile; fileRef = 8AFF6C581CE2C7A500026224 /* main.m */; };
		8AFF6C5C1CE2C7A500026224 /* AppDelegate.m in Sources */ = {isa = PBXBuildFile; fileRef = 8AFF6C5B1CE2C7A500026224 /* AppDelegate.m */; };
		8AFF6C5F1CE2C7A500026224 /* ViewController.m in Sources */ = {isa = PBXBuildFile; fileRef = 8AFF6C5E1CE2C7A500026224 /* ViewController.m */; };
		8AFF6C621CE2C7A500026224 /* Main.storyboard in Resources */ = {isa = PBXBuildFile; fileRef = 8AFF6C601CE2C7A500026224 /* Main.storyboard */; };
		8AFF6C641CE2C7A500026224 /* Assets.xcassets in Resources */ = {isa = PBXBuildFile; fileRef = 8AFF6C631CE2C7A500026224 /* Assets.xcassets */; };
		8AFF6C671CE2C7A500026224 /* LaunchScreen.storyboard in Resources */ = {isa = PBXBuildFile; fileRef = 8AFF6C651CE2C7A500026224 /* LaunchScreen.storyboard */; };
		8AFF6C721CE2C7A500026224 /* CleanCacheTests.m in Sources */ = {isa = PBXBuildFile; fileRef = 8AFF6C711CE2C7A500026224 /* CleanCacheTests.m */; };
		8AFF6C7D1CE2C7A500026224 /* CleanCacheUITests.m in Sources */ = {isa = PBXBuildFile; fileRef = 8AFF6C7C1CE2C7A500026224 /* CleanCacheUITests.m */; };
		8AFF6C8D1CE2CB3900026224 /* SZKCleanCache.m in Sources */ = {isa = PBXBuildFile; fileRef = 8AFF6C8C1CE2CB3900026224 /* SZKCleanCache.m */; };
/* End PBXBuildFile section */

/* Begin PBXContainerItemProxy section */
		8AFF6C6E1CE2C7A500026224 /* PBXContainerItemProxy */ = {
			isa = PBXContainerItemProxy;
			containerPortal = 8AFF6C4C1CE2C7A500026224 /* Project object */;
			proxyType = 1;
			remoteGlobalIDString = 8AFF6C531CE2C7A500026224;
			remoteInfo = CleanCache;
		};
		8AFF6C791CE2C7A500026224 /* PBXContainerItemProxy */ = {
			isa = PBXContainerItemProxy;
			containerPortal = 8AFF6C4C1CE2C7A500026224 /* Project object */;
			proxyType = 1;
			remoteGlobalIDString = 8AFF6C531CE2C7A500026224;
			remoteInfo = CleanCache;
		};
/* End PBXContainerItemProxy section */

/* Begin PBXFileReference section */
		8AFF6C541CE2C7A500026224 /* CleanCache.app */ = {isa = PBXFileReference; explicitFileType = wrapper.application; includeInIndex = 0; path = CleanCache.app; sourceTree = BUILT_PRODUCTS_DIR; };
		8AFF6C581CE2C7A500026224 /* main.m */ = {isa = PBXFileReference; lastKnownFileType = sourcecode.c.objc; path = main.m; sourceTree = "<group>"; };
		8AFF6C5A1CE2C7A500026224 /* AppDelegate.h */ = {isa = PBXFileReference; lastKnownFileType = sourcecode.c.h; path = AppDelegate.h; sourceTree = "<group>"; };
		8AFF6C5B1CE2C7A500026224 /* AppDelegate.m */ = {isa = PBXFileReference; lastKnownFileType = sourcecode.c.objc; path = AppDelegate.m; sourceTree = "<group>"; };
		8AFF6C5D1CE2C7A500026224 /* ViewController.h */ = {isa = PBXFileReference; lastKnownFileType = sourcecode.c.h; path = ViewController.h; sourceTree = "<group>"; };
		8AFF6C5E1CE2C7A500026224 /* ViewController.m */ = {isa = PBXFileReference; lastKnownFileType = sourcecode.c.objc; path = ViewController.m; sourceTree = "<group>"; };
		8AFF6C611CE2C7A500026224 /* Base */ = {isa = PBXFileReference; lastKnownFileType = file.storyboard; name = Base; path = Base.lproj/Main.storyboard; sourceTree = "<group>"; };
		8AFF6C631CE2C7A500026224 /* Assets.xcassets */ = {isa = PBXFileReference; lastKnownFileType = folder.assetcatalog; path = Assets.xcassets; sourceTree = "<group>"; };
		8AFF6C661CE2C7A500026224 /* Base */ = {isa = PBXFileReference; lastKnownFileType = file.storyboard; name = Base; path = Base.lproj/LaunchScreen.storyboard; sourceTree = "<group>"; };
		8AFF6C681CE2C7A500026224 /* Info.plist */ = {isa = PBXFileReference; lastKnownFileType = text.plist.xml; path = Info.plist; sourceTree = "<group>"; };
		8AFF6C6D1CE2C7A500026224 /* CleanCacheTests.xctest */ = {isa = PBXFileReference; explicitFileType = wrapper.cfbundle; includeInIndex = 0; path = CleanCacheTests.xctest; sourceTree = BUILT_PRODUCTS_DIR; };
		8AFF6C711CE2C7A500026224 /* CleanCacheTests.m */ = {isa = PBXFileReference; lastKnownFileType = sourcecode.c.objc; path = CleanCacheTests.m; sourceTree = "<group>"; };
		8AFF6C731CE2C7A500026224 /* Info.plist */ = {isa = PBXFileReference; lastKnownFileType = text.plist.xml; path = Info.plist; sourceTree = "<group>"; };
		8AFF6C781CE2C7A500026224 /* CleanCacheUITests.xctest */ = {isa = PBXFileReference; explicitFileType = wrapper.cfbundle; includeInIndex = 0; path = CleanCacheUITests.xctest; sourceTree = BUILT_PRODUCTS_DIR; };
		8AFF6C7C1CE2C7A500026224 /* CleanCacheUITests.m */ = {isa = PBXFileReference; lastKnownFileType = sourcecode.c.objc; path = CleanCacheUITests.m; sourceTree = "<group>"; };
		8AFF6C7E1CE2C7A500026224 /* Info.plist */ = {isa = PBXFileReference; lastKnownFileType = text.plist.xml; path = Info.plist; sourceTree = "<group>"; };
		8AFF6C8B1CE2CB3900026224 /* SZKCleanCache.h */ = {isa = PBXFileReference; fileEncoding = 4; lastKnownFileType = sourcecode.c.h; path = SZKCleanCache.h; sourceTree = "<group>"; };
		8AFF6C8C1CE2CB3900026224 /* SZKCleanCache.m */ = {isa = PBXFileReference; fileEncoding = 4; lastKnownFileType = sourcecode.c.objc; path = SZKCleanCache.m; sourceTree = "<group>"; };
/* End PBXFileReference section */

/* Begin PBXFrameworksBuildPhase section */
		8AFF6C511CE2C7A500026224 /* Frameworks */ = {
			isa = PBXFrameworksBuildPhase;
			buildActionMask = 2147483647;
			files = (
			);
			runOnlyForDeploymentPostprocessing = 0;
		};
		8AFF6C6A1CE2C7A500026224 /* Frameworks */ = {
			isa = PBXFrameworksBuildPhase;
			buildActionMask = 2147483647;
			files = (
			);
			runOnlyForDeploymentPostprocessing = 0;
		};
		8AFF6C751CE2C7A500026224 /* Frameworks */ = {
			isa = PBXFrameworksBuildPhase;
			buildActionMask = 2147483647;
			files = (
			);
			runOnlyForDeploymentPostprocessing = 0;
		};
/* End PBXFrameworksBuildPhase section */

/* Begin PBXGroup section */
		8AFF6C4B1CE2C7A500026224 = {
			isa = PBXGroup;
			children = (
				8AFF6C8A1CE2C7C700026224 /* SZKCleanCache */,
				8AFF6C561CE2C7A500026224 /* CleanCache */,
				8AFF6C701CE2C7A500026224 /* CleanCacheTests */,
				8AFF6C7B1CE2C7A500026224 /* CleanCacheUITests */,
				8AFF6C551CE2C7A500026224 /* Products */,
			);
			sourceTree = "<group>";
		};
		8AFF6C551CE2C7A500026224 /* Products */ = {
			isa = PBXGroup;
			children = (
				8AFF6C541CE2C7A500026224 /* CleanCache.app */,
				8AFF6C6D1CE2C7A500026224 /* CleanCacheTests.xctest */,
				8AFF6C781CE2C7A500026224 /* CleanCacheUITests.xctest */,
			);
			name = Products;
			sourceTree = "<group>";
		};
		8AFF6C561CE2C7A500026224 /* CleanCache */ = {
			isa = PBXGroup;
			children = (
				8AFF6C5A1CE2C7A500026224 /* AppDelegate.h */,
				8AFF6C5B1CE2C7A500026224 /* AppDelegate.m */,
				8AFF6C5D1CE2C7A500026224 /* ViewController.h */,
				8AFF6C5E1CE2C7A500026224 /* ViewController.m */,
				8AFF6C601CE2C7A500026224 /* Main.storyboard */,
				8AFF6C631CE2C7A500026224 /* Assets.xcassets */,
				8AFF6C651CE2C7A500026224 /* LaunchScreen.storyboard */,
				8AFF6C681CE2C7A500026224 /* Info.plist */,
				8AFF6C571CE2C7A500026224 /* Supporting Files */,
			);
			path = CleanCache;
			sourceTree = "<group>";
		};
		8AFF6C571CE2C7A500026224 /* Supporting Files */ = {
			isa = PBXGroup;
			children = (
				8AFF6C581CE2C7A500026224 /* main.m */,
			);
			name = "Supporting Files";
			sourceTree = "<group>";
		};
		8AFF6C701CE2C7A500026224 /* CleanCacheTests */ = {
			isa = PBXGroup;
			children = (
				8AFF6C711CE2C7A500026224 /* CleanCacheTests.m */,
				8AFF6C731CE2C7A500026224 /* Info.plist */,
			);
			path = CleanCacheTests;
			sourceTree = "<group>";
		};
		8AFF6C7B1CE2C7A500026224 /* CleanCacheUITests */ = {
			isa = PBXGroup;
			children = (
				8AFF6C7C1CE2C7A500026224 /* CleanCacheUITests.m */,
				8AFF6C7E1CE2C7A500026224 /* Info.plist */,
			);
			path = CleanCacheUITests;
			sourceTree = "<group>";
		};
		8AFF6C8A1CE2C7C700026224 /* SZKCleanCache */ = {
			isa = PBXGroup;
			children = (
				8AFF6C8B1CE2CB3900026224 /* SZKCleanCache.h */,
				8AFF6C8C1CE2CB3900026224 /* SZKCleanCache.m */,
			);
			name = SZKCleanCache;
			sourceTree = "<group>";
		};
/* End PBXGroup section */

/* Begin PBXNativeTarget section */
		8AFF6C531CE2C7A500026224 /* CleanCache */ = {
			isa = PBXNativeTarget;
			buildConfigurationList = 8AFF6C811CE2C7A500026224 /* Build configuration list for PBXNativeTarget "CleanCache" */;
			buildPhases = (
				8AFF6C501CE2C7A500026224 /* Sources */,
				8AFF6C511CE2C7A500026224 /* Frameworks */,
				8AFF6C521CE2C7A500026224 /* Resources */,
			);
			buildRules = (
			);
			dependencies = (
			);
			name = CleanCache;
			productName = CleanCache;
			productReference = 8AFF6C541CE2C7A500026224 /* CleanCache.app */;
			productType = "com.apple.product-type.application";
		};
		8AFF6C6C1CE2C7A500026224 /* CleanCacheTests */ = {
			isa = PBXNativeTarget;
			buildConfigurationList = 8AFF6C841CE2C7A500026224 /* Build configuration list for PBXNativeTarget "CleanCacheTests" */;
			buildPhases = (
				8AFF6C691CE2C7A500026224 /* Sources */,
				8AFF6C6A1CE2C7A500026224 /* Frameworks */,
				8AFF6C6B1CE2C7A500026224 /* Resources */,
			);
			buildRules = (
			);
			dependencies = (
				8AFF6C6F1CE2C7A500026224 /* PBXTargetDependency */,
			);
			name = CleanCacheTests;
			productName = CleanCacheTests;
			productReference = 8AFF6C6D1CE2C7A500026224 /* CleanCacheTests.xctest */;
			productType = "com.apple.product-type.bundle.unit-test";
		};
		8AFF6C771CE2C7A500026224 /* CleanCacheUITests */ = {
			isa = PBXNativeTarget;
			buildConfigurationList = 8AFF6C871CE2C7A500026224 /* Build configuration list for PBXNativeTarget "CleanCacheUITests" */;
			buildPhases = (
				8AFF6C741CE2C7A500026224 /* Sources */,
				8AFF6C751CE2C7A500026224 /* Frameworks */,
				8AFF6C761CE2C7A500026224 /* Resources */,
			);
			buildRules = (
			);
			dependencies = (
				8AFF6C7A1CE2C7A500026224 /* PBXTargetDependency */,
			);
			name = CleanCacheUITests;
			productName = CleanCacheUITests;
			productReference = 8AFF6C781CE2C7A500026224 /* CleanCacheUITests.xctest */;
			productType = "com.apple.product-type.bundle.ui-testing";
		};
/* End PBXNativeTarget section */

/* Begin PBXProject section */
		8AFF6C4C1CE2C7A500026224 /* Project object */ = {
			isa = PBXProject;
			attributes = {
				LastUpgradeCheck = 0730;
				ORGANIZATIONNAME = "孙赵凯";
				TargetAttributes = {
					8AFF6C531CE2C7A500026224 = {
						CreatedOnToolsVersion = 7.3;
					};
					8AFF6C6C1CE2C7A500026224 = {
						CreatedOnToolsVersion = 7.3;
						TestTargetID = 8AFF6C531CE2C7A500026224;
					};
					8AFF6C771CE2C7A500026224 = {
						CreatedOnToolsVersion = 7.3;
						TestTargetID = 8AFF6C531CE2C7A500026224;
					};
				};
			};
			buildConfigurationList = 8AFF6C4F1CE2C7A500026224 /* Build configuration list for PBXProject "CleanCache" */;
			compatibilityVersion = "Xcode 3.2";
			developmentRegion = English;
			hasScannedForEncodings = 0;
			knownRegions = (
				en,
				Base,
			);
			mainGroup = 8AFF6C4B1CE2C7A500026224;
			productRefGroup = 8AFF6C551CE2C7A500026224 /* Products */;
			projectDirPath = "";
			projectRoot = "";
			targets = (
				8AFF6C531CE2C7A500026224 /* CleanCache */,
				8AFF6C6C1CE2C7A500026224 /* CleanCacheTests */,
				8AFF6C771CE2C7A500026224 /* CleanCacheUITests */,
			);
		};
/* End PBXProject section */

/* Begin PBXResourcesBuildPhase section */
		8AFF6C521CE2C7A500026224 /* Resources */ = {
			isa = PBXResourcesBuildPhase;
			buildActionMask = 2147483647;
			files = (
				8AFF6C671CE2C7A500026224 /* LaunchScreen.storyboard in Resources */,
				8AFF6C641CE2C7A500026224 /* Assets.xcassets in Resources */,
				8AFF6C621CE2C7A500026224 /* Main.storyboard in Resources */,
			);
			runOnlyForDeploymentPostprocessing = 0;
		};
		8AFF6C6B1CE2C7A500026224 /* Resources */ = {
			isa = PBXResourcesBuildPhase;
			buildActionMask = 2147483647;
			files = (
			);
			runOnlyForDeploymentPostprocessing = 0;
		};
		8AFF6C761CE2C7A500026224 /* Resources */ = {
			isa = PBXResourcesBuildPhase;
			buildActionMask = 2147483647;
			files = (
			);
			runOnlyForDeploymentPostprocessing = 0;
		};
/* End PBXResourcesBuildPhase section */

/* Begin PBXSourcesBuildPhase section */
		8AFF6C501CE2C7A500026224 /* Sources */ = {
			isa = PBXSourcesBuildPhase;
			buildActionMask = 2147483647;
			files = (
				8AFF6C5F1CE2C7A500026224 /* ViewController.m in Sources */,
				8AFF6C8D1CE2CB3900026224 /* SZKCleanCache.m in Sources */,
				8AFF6C5C1CE2C7A500026224 /* AppDelegate.m in Sources */,
				8AFF6C591CE2C7A500026224 /* main.m in Sources */,
			);
			runOnlyForDeploymentPostprocessing = 0;
		};
		8AFF6C691CE2C7A500026224 /* Sources */ = {
			isa = PBXSourcesBuildPhase;
			buildActionMask = 2147483647;
			files = (
				8AFF6C721CE2C7A500026224 /* CleanCacheTests.m in Sources */,
			);
			runOnlyForDeploymentPostprocessing = 0;
		};
		8AFF6C741CE2C7A500026224 /* Sources */ = {
			isa = PBXSourcesBuildPhase;
			buildActionMask = 2147483647;
			files = (
				8AFF6C7D1CE2C7A500026224 /* CleanCacheUITests.m in Sources */,
			);
			runOnlyForDeploymentPostprocessing = 0;
		};
/* End PBXSourcesBuildPhase section */

/* Begin PBXTargetDependency section */
		8AFF6C6F1CE2C7A500026224 /* PBXTargetDependency */ = {
			isa = PBXTargetDependency;
			target = 8AFF6C531CE2C7A500026224 /* CleanCache */;
			targetProxy = 8AFF6C6E1CE2C7A500026224 /* PBXContainerItemProxy */;
		};
		8AFF6C7A1CE2C7A500026224 /* PBXTargetDependency */ = {
			isa = PBXTargetDependency;
			target = 8AFF6C531CE2C7A500026224 /* CleanCache */;
			targetProxy = 8AFF6C791CE2C7A500026224 /* PBXContainerItemProxy */;
		};
/* End PBXTargetDependency section */

/* Begin PBXVariantGroup section */
		8AFF6C601CE2C7A500026224 /* Main.storyboard */ = {
			isa = PBXVariantGroup;
			children = (
				8AFF6C611CE2C7A500026224 /* Base */,
			);
			name = Main.storyboard;
			sourceTree = "<group>";
		};
		8AFF6C651CE2C7A500026224 /* LaunchScreen.storyboard */ = {
			isa = PBXVariantGroup;
			children = (
				8AFF6C661CE2C7A500026224 /* Base */,
			);
			name = LaunchScreen.storyboard;
			sourceTree = "<group>";
		};
/* End PBXVariantGroup section */

/* Begin XCBuildConfiguration section */
		8AFF6C7F1CE2C7A500026224 /* Debug */ = {
			isa = XCBuildConfiguration;
			buildSettings = {
				ALWAYS_SEARCH_USER_PATHS = NO;
				CLANG_ANALYZER_NONNULL = YES;
				CLANG_CXX_LANGUAGE_STANDARD = "gnu++0x";
				CLANG_CXX_LIBRARY = "libc++";
				CLANG_ENABLE_MODULES = YES;
				CLANG_ENABLE_OBJC_ARC = YES;
				CLANG_WARN_BOOL_CONVERSION = YES;
				CLANG_WARN_CONSTANT_CONVERSION = YES;
				CLANG_WARN_DIRECT_OBJC_ISA_USAGE = YES_ERROR;
				CLANG_WARN_EMPTY_BODY = YES;
				CLANG_WARN_ENUM_CONVERSION = YES;
				CLANG_WARN_INT_CONVERSION = YES;
				CLANG_WARN_OBJC_ROOT_CLASS = YES_ERROR;
				CLANG_WARN_UNREACHABLE_CODE = YES;
				CLANG_WARN__DUPLICATE_METHOD_MATCH = YES;
				"CODE_SIGN_IDENTITY[sdk=iphoneos*]" = "iPhone Developer";
				COPY_PHASE_STRIP = NO;
				DEBUG_INFORMATION_FORMAT = dwarf;
				ENABLE_STRICT_OBJC_MSGSEND = YES;
				ENABLE_TESTABILITY = YES;
				GCC_C_LANGUAGE_STANDARD = gnu99;
				GCC_DYNAMIC_NO_PIC = NO;
				GCC_NO_COMMON_BLOCKS = YES;
				GCC_OPTIMIZATION_LEVEL = 0;
				GCC_PREPROCESSOR_DEFINITIONS = (
					"DEBUG=1",
					"$(inherited)",
				);
				GCC_WARN_64_TO_32_BIT_CONVERSION = YES;
				GCC_WARN_ABOUT_RETURN_TYPE = YES_ERROR;
				GCC_WARN_UNDECLARED_SELECTOR = YES;
				GCC_WARN_UNINITIALIZED_AUTOS = YES_AGGRESSIVE;
				GCC_WARN_UNUSED_FUNCTION = YES;
				GCC_WARN_UNUSED_VARIABLE = YES;
				IPHONEOS_DEPLOYMENT_TARGET = 9.3;
				MTL_ENABLE_DEBUG_INFO = YES;
				ONLY_ACTIVE_ARCH = YES;
				SDKROOT = iphoneos;
				TARGETED_DEVICE_FAMILY = "1,2";
			};
			name = Debug;
		};
		8AFF6C801CE2C7A500026224 /* Release */ = {
			isa = XCBuildConfiguration;
			buildSettings = {
				ALWAYS_SEARCH_USER_PATHS = NO;
				CLANG_ANALYZER_NONNULL = YES;
				CLANG_CXX_LANGUAGE_STANDARD = "gnu++0x";
				CLANG_CXX_LIBRARY = "libc++";
				CLANG_ENABLE_MODULES = YES;
				CLANG_ENABLE_OBJC_ARC = YES;
				CLANG_WARN_BOOL_CONVERSION = YES;
				CLANG_WARN_CONSTANT_CONVERSION = YES;
				CLANG_WARN_DIRECT_OBJC_ISA_USAGE = YES_ERROR;
				CLANG_WARN_EMPTY_BODY = YES;
				CLANG_WARN_ENUM_CONVERSION = YES;
				CLANG_WARN_INT_CONVERSION = YES;
				CLANG_WARN_OBJC_ROOT_CLASS = YES_ERROR;
				CLANG_WARN_UNREACHABLE_CODE = YES;
				CLANG_WARN__DUPLICATE_METHOD_MATCH = YES;
				"CODE_SIGN_IDENTITY[sdk=iphoneos*]" = "iPhone Developer";
				COPY_PHASE_STRIP = NO;
				DEBUG_INFORMATION_FORMAT = "dwarf-with-dsym";
				ENABLE_NS_ASSERTIONS = NO;
				ENABLE_STRICT_OBJC_MSGSEND = YES;
				GCC_C_LANGUAGE_STANDARD = gnu99;
				GCC_NO_COMMON_BLOCKS = YES;
				GCC_WARN_64_TO_32_BIT_CONVERSION = YES;
				GCC_WARN_ABOUT_RETURN_TYPE = YES_ERROR;
				GCC_WARN_UNDECLARED_SELECTOR = YES;
				GCC_WARN_UNINITIALIZED_AUTOS = YES_AGGRESSIVE;
				GCC_WARN_UNUSED_FUNCTION = YES;
				GCC_WARN_UNUSED_VARIABLE = YES;
				IPHONEOS_DEPLOYMENT_TARGET = 9.3;
				MTL_ENABLE_DEBUG_INFO = NO;
				SDKROOT = iphoneos;
				TARGETED_DEVICE_FAMILY = "1,2";
				VALIDATE_PRODUCT = YES;
			};
			name = Release;
		};
		8AFF6C821CE2C7A500026224 /* Debug */ = {
			isa = XCBuildConfiguration;
			buildSettings = {
				ASSETCATALOG_COMPILER_APPICON_NAME = AppIcon;
				INFOPLIST_FILE = CleanCache/Info.plist;
				LD_RUNPATH_SEARCH_PATHS = "$(inherited) @executable_path/Frameworks";
				PRODUCT_BUNDLE_IDENTIFIER = "---.CleanCache";
				PRODUCT_NAME = "$(TARGET_NAME)";
			};
			name = Debug;
		};
		8AFF6C831CE2C7A500026224 /* Release */ = {
			isa = XCBuildConfiguration;
			buildSettings = {
				ASSETCATALOG_COMPILER_APPICON_NAME = AppIcon;
				INFOPLIST_FILE = CleanCache/Info.plist;
				LD_RUNPATH_SEARCH_PATHS = "$(inherited) @executable_path/Frameworks";
				PRODUCT_BUNDLE_IDENTIFIER = "---.CleanCache";
				PRODUCT_NAME = "$(TARGET_NAME)";
			};
			name = Release;
		};
		8AFF6C851CE2C7A500026224 /* Debug */ = {
			isa = XCBuildConfiguration;
			buildSettings = {
				BUNDLE_LOADER = "$(TEST_HOST)";
				INFOPLIST_FILE = CleanCacheTests/Info.plist;
				LD_RUNPATH_SEARCH_PATHS = "$(inherited) @executable_path/Frameworks @loader_path/Frameworks";
				PRODUCT_BUNDLE_IDENTIFIER = "---.CleanCacheTests";
				PRODUCT_NAME = "$(TARGET_NAME)";
				TEST_HOST = "$(BUILT_PRODUCTS_DIR)/CleanCache.app/CleanCache";
			};
			name = Debug;
		};
		8AFF6C861CE2C7A500026224 /* Release */ = {
			isa = XCBuildConfiguration;
			buildSettings = {
				BUNDLE_LOADER = "$(TEST_HOST)";
				INFOPLIST_FILE = CleanCacheTests/Info.plist;
				LD_RUNPATH_SEARCH_PATHS = "$(inherited) @executable_path/Frameworks @loader_path/Frameworks";
				PRODUCT_BUNDLE_IDENTIFIER = "---.CleanCacheTests";
				PRODUCT_NAME = "$(TARGET_NAME)";
				TEST_HOST = "$(BUILT_PRODUCTS_DIR)/CleanCache.app/CleanCache";
			};
			name = Release;
		};
		8AFF6C881CE2C7A500026224 /* Debug */ = {
			isa = XCBuildConfiguration;
			buildSettings = {
				INFOPLIST_FILE = CleanCacheUITests/Info.plist;
				LD_RUNPATH_SEARCH_PATHS = "$(inherited) @executable_path/Frameworks @loader_path/Frameworks";
				PRODUCT_BUNDLE_IDENTIFIER = "---.CleanCacheUITests";
				PRODUCT_NAME = "$(TARGET_NAME)";
				TEST_TARGET_NAME = CleanCache;
			};
			name = Debug;
		};
		8AFF6C891CE2C7A500026224 /* Release */ = {
			isa = XCBuildConfiguration;
			buildSettings = {
				INFOPLIST_FILE = CleanCacheUITests/Info.plist;
				LD_RUNPATH_SEARCH_PATHS = "$(inherited) @executable_path/Frameworks @loader_path/Frameworks";
				PRODUCT_BUNDLE_IDENTIFIER = "---.CleanCacheUITests";
				PRODUCT_NAME = "$(TARGET_NAME)";
				TEST_TARGET_NAME = CleanCache;
			};
			name = Release;
		};
/* End XCBuildConfiguration section */

/* Begin XCConfigurationList section */
		8AFF6C4F1CE2C7A500026224 /* Build configuration list for PBXProject "CleanCache" */ = {
			isa = XCConfigurationList;
			buildConfigurations = (
				8AFF6C7F1CE2C7A500026224 /* Debug */,
				8AFF6C801CE2C7A500026224 /* Release */,
			);
			defaultConfigurationIsVisible = 0;
			defaultConfigurationName = Release;
		};
		8AFF6C811CE2C7A500026224 /* Build configuration list for PBXNativeTarget "CleanCache" */ = {
			isa = XCConfigurationList;
			buildConfigurations = (
				8AFF6C821CE2C7A500026224 /* Debug */,
				8AFF6C831CE2C7A500026224 /* Release */,
			);
			defaultConfigurationIsVisible = 0;
		};
		8AFF6C841CE2C7A500026224 /* Build configuration list for PBXNativeTarget "CleanCacheTests" */ = {
			isa = XCConfigurationList;
			buildConfigurations = (
				8AFF6C851CE2C7A500026224 /* Debug */,
				8AFF6C861CE2C7A500026224 /* Release */,
			);
			defaultConfigurationIsVisible = 0;
		};
		8AFF6C871CE2C7A500026224 /* Build configuration list for PBXNativeTarget "CleanCacheUITests" */ = {
			isa = XCConfigurationList;
			buildConfigurations = (
				8AFF6C881CE2C7A500026224 /* Debug */,
				8AFF6C891CE2C7A500026224 /* Release */,
			);
			defaultConfigurationIsVisible = 0;
		};
/* End XCConfigurationList section */
	};
	rootObject = 8AFF6C4C1CE2C7A500026224 /* Project object */;
}
